
Microsoft Visual Studio Solution File, Format Version 12.00
Project("{FAE04EC0-301F-11D3-BF4B-00C04F79EFBC}") = "AvaloniaStart2025", "AvaloniaStart2025\AvaloniaStart2025.csproj", "{FF397E47-C27E-4051-88C9-CA8D11DC36F7}"
EndProject
Global
	GlobalSection(SolutionConfigurationPlatforms) = preSolution
		Debug|Any CPU = Debug|Any CPU
		Release|Any CPU = Release|Any CPU
	EndGlobalSection
	GlobalSection(ProjectConfigurationPlatforms) = postSolution
		{FF397E47-C27E-4051-88C9-CA8D11DC36F7}.Debug|Any CPU.ActiveCfg = Debug|Any CPU
		{FF397E47-C27E-4051-88C9-CA8D11DC36F7}.Debug|Any CPU.Build.0 = Debug|Any CPU
		{FF397E47-C27E-4051-88C9-CA8D11DC36F7}.Release|Any CPU.ActiveCfg = Release|Any CPU
		{FF397E47-C27E-4051-88C9-CA8D11DC36F7}.Release|Any CPU.Build.0 = Release|Any CPU
	EndGlobalSection
EndGlobal
